
Microsoft Visual Studio Solution File, Format Version 12.00
# Visual Studio Version 16
VisualStudioVersion = 16.0.29920.165
MinimumVisualStudioVersion = 10.0.40219.1
Project("{FAE04EC0-301F-11D3-BF4B-00C04F79EFBC}") = "Test4Problem3", "Test4Problem3.csproj", "{CDCC0BEB-2EC5-4289-851C-35D26D037A16}"
EndProject
Global
	GlobalSection(SolutionConfigurationPlatforms) = preSolution
		Debug|Any CPU = Debug|Any CPU
		Release|Any CPU = Release|Any CPU
	EndGlobalSection
	GlobalSection(ProjectConfigurationPlatforms) = postSolution
		{CDCC0BEB-2EC5-4289-851C-35D26D037A16}.Debug|Any CPU.ActiveCfg = Debug|Any CPU
		{CDCC0BEB-2EC5-4289-851C-35D26D037A16}.Debug|Any CPU.Build.0 = Debug|Any CPU
		{CDCC0BEB-2EC5-4289-851C-35D26D037A16}.Release|Any CPU.ActiveCfg = Release|Any CPU
		{CDCC0BEB-2EC5-4289-851C-35D26D037A16}.Release|Any CPU.Build.0 = Release|Any CPU
	EndGlobalSection
	GlobalSection(SolutionProperties) = preSolution
		HideSolutionNode = FALSE
	EndGlobalSection
	GlobalSection(ExtensibilityGlobals) = postSolution
		SolutionGuid = {557ADA58-E8EA-4FEB-ACB0-4B2036DCCBE1}
	EndGlobalSection
EndGlobal
