
Microsoft Visual Studio Solution File, Format Version 12.00
# Visual Studio Version 16
VisualStudioVersion = 16.0.29920.165
MinimumVisualStudioVersion = 10.0.40219.1
Project("{FAE04EC0-301F-11D3-BF4B-00C04F79EFBC}") = "Temp", "Temp.csproj", "{B54A6377-8934-4632-9D1E-F40148B6BC74}"
EndProject
Global
	GlobalSection(SolutionConfigurationPlatforms) = preSolution
		Debug|Any CPU = Debug|Any CPU
		Release|Any CPU = Release|Any CPU
	EndGlobalSection
	GlobalSection(ProjectConfigurationPlatforms) = postSolution
		{B54A6377-8934-4632-9D1E-F40148B6BC74}.Debug|Any CPU.ActiveCfg = Debug|Any CPU
		{B54A6377-8934-4632-9D1E-F40148B6BC74}.Debug|Any CPU.Build.0 = Debug|Any CPU
		{B54A6377-8934-4632-9D1E-F40148B6BC74}.Release|Any CPU.ActiveCfg = Release|Any CPU
		{B54A6377-8934-4632-9D1E-F40148B6BC74}.Release|Any CPU.Build.0 = Release|Any CPU
	EndGlobalSection
	GlobalSection(SolutionProperties) = preSolution
		HideSolutionNode = FALSE
	EndGlobalSection
	GlobalSection(ExtensibilityGlobals) = postSolution
		SolutionGuid = {2301867D-7A7A-49BB-B419-25455838CD05}
	EndGlobalSection
EndGlobal
